<?xml version="1.0" encoding="utf-8"?>
<Project ToolsVersion="4.0" xmlns="http://schemas.microsoft.com/developer/msbuild/2003">
  <ItemGroup>
    <Filter Include="Source Files">
      <UniqueIdentifier>{4FC737F1-C7A5-4376-A066-2A32D752A2FF}</UniqueIdentifier>
      <Extensions>cpp;c;cc;cxx;def;odl;idl;hpj;bat;asm;asmx</Extensions>
    </Filter>
    <Filter Include="Header Files">
      <UniqueIdentifier>{93995380-89BD-4b04-88EB-625FBE52EBFB}</UniqueIdentifier>
      <Extensions>h;hh;hpp;hxx;hm;inl;inc;xsd</Extensions>
    </Filter>
    <Filter Include="Resource Files">
      <UniqueIdentifier>{67DA6AB6-F800-4c08-8B7A-83BB121AAD01}</UniqueIdentifier>
      <Extensions>rc;ico;cur;bmp;dlg;rc2;rct;bin;rgs;gif;jpg;jpeg;jpe;resx;tiff;tif;png;wav;mfcribbon-ms</Extensions>
    </Filter>
    <Filter Include="Source Files\Box2D">
      <UniqueIdentifier>{b616b29c-7786-436a-af11-6e493d1f34bd}</UniqueIdentifier>
    </Filter>
  </ItemGroup>
  <ItemGroup>
    <ClInclude Include="Game.h">
      <Filter>Header Files</Filter>
    </ClInclude>
    <ClInclude Include="RTS.h">
      <Filter>Header Files</Filter>
    </ClInclude>
    <ClInclude Include="State.h">
      <Filter>Header Files</Filter>
    </ClInclude>
    <ClInclude Include="Camera.h">
      <Filter>Header Files</Filter>
    </ClInclude>
    <ClInclude Include="Entity.h">
      <Filter>Header Files</Filter>
    </ClInclude>
    <ClInclude Include="Ui.h">
      <Filter>Header Files</Filter>
    </ClInclude>
    <ClInclude Include="SDL_Helpers.h">
      <Filter>Header Files</Filter>
    </ClInclude>
    <ClInclude Include="MoveState.h">
      <Filter>Header Files</Filter>
    </ClInclude>
    <ClInclude Include="Constants.h">
      <Filter>Header Files</Filter>
    </ClInclude>
    <ClInclude Include="Map.h">
      <Filter>Header Files</Filter>
    </ClInclude>
    <ClInclude Include="Flowfield.h">
      <Filter>Header Files</Filter>
    </ClInclude>
    <ClInclude Include="vector2f.h">
      <Filter>Header Files</Filter>
    </ClInclude>
    <ClInclude Include="PathState.h">
      <Filter>Header Files</Filter>
    </ClInclude>
    <ClInclude Include="Physics.h">
      <Filter>Header Files</Filter>
    </ClInclude>
    <ClInclude Include="Graphics.h">
      <Filter>Header Files</Filter>
    </ClInclude>
    <ClInclude Include="Component.h">
      <Filter>Header Files</Filter>
    </ClInclude>
    <ClInclude Include="Serializer.h">
      <Filter>Header Files</Filter>
    </ClInclude>
    <ClInclude Include="Texture.h">
      <Filter>Header Files</Filter>
    </ClInclude>
    <ClInclude Include="Asset.h">
      <Filter>Header Files</Filter>
    </ClInclude>
    <ClInclude Include="EntityFactory.h">
      <Filter>Header Files</Filter>
    </ClInclude>
    <ClInclude Include="MapFactory.h">
      <Filter>Header Files</Filter>
    </ClInclude>
    <ClInclude Include="System.h">
      <Filter>Header Files</Filter>
    </ClInclude>
    <ClInclude Include="Input.h">
      <Filter>Header Files</Filter>
    </ClInclude>
    <ClInclude Include="SoundControllerFactory.h">
      <Filter>Header Files</Filter>
    </ClInclude>
    <ClInclude Include="Sound.h">
      <Filter>Header Files</Filter>
    </ClInclude>
    <ClInclude Include="Animation.h">
      <Filter>Header Files</Filter>
    </ClInclude>
    <ClInclude Include="Event.h">
      <Filter>Header Files</Filter>
    </ClInclude>
    <ClInclude Include="Script.h">
      <Filter>Header Files</Filter>
    </ClInclude>
    <ClInclude Include="ScriptFactory.h">
      <Filter>Header Files</Filter>
    </ClInclude>
    <ClInclude Include="EntityBuilder.h">
      <Filter>Header Files</Filter>
    </ClInclude>
  </ItemGroup>
  <ItemGroup>
    <ClCompile Include="RTS.cpp">
      <Filter>Source Files</Filter>
    </ClCompile>
    <ClCompile Include="Main.cpp">
      <Filter>Source Files</Filter>
    </ClCompile>
    <ClCompile Include="Entity.cpp">
      <Filter>Source Files</Filter>
    </ClCompile>
    <ClCompile Include="MoveState.cpp">
      <Filter>Source Files</Filter>
    </ClCompile>
    <ClCompile Include="Map.cpp">
      <Filter>Source Files</Filter>
    </ClCompile>
    <ClCompile Include="PathState.cpp">
      <Filter>Source Files</Filter>
    </ClCompile>
    <ClCompile Include="Graphics.cpp">
      <Filter>Source Files</Filter>
    </ClCompile>
    <ClCompile Include="Physics.cpp">
      <Filter>Source Files</Filter>
    </ClCompile>
    <ClCompile Include="Camera.cpp">
      <Filter>Source Files</Filter>
    </ClCompile>
    <ClCompile Include="Texture.cpp">
      <Filter>Source Files</Filter>
    </ClCompile>
    <ClCompile Include="EntityFactory.cpp">
      <Filter>Source Files</Filter>
    </ClCompile>
    <ClCompile Include="MapFactory.cpp">
      <Filter>Source Files</Filter>
    </ClCompile>
    <ClCompile Include="Ui.cpp">
      <Filter>Source Files</Filter>
    </ClCompile>
    <ClCompile Include="System.cpp">
      <Filter>Source Files</Filter>
    </ClCompile>
    <ClCompile Include="Input.cpp">
      <Filter>Source Files</Filter>
    </ClCompile>
    <ClCompile Include="SoundControllerFactory.cpp">
      <Filter>Source Files</Filter>
    </ClCompile>
    <ClCompile Include="Sound.cpp">
      <Filter>Source Files</Filter>
    </ClCompile>
    <ClCompile Include="ScriptFactory.cpp">
      <Filter>Source Files</Filter>
    </ClCompile>
    <ClCompile Include="EntityBuilder.cpp">
      <Filter>Source Files</Filter>
    </ClCompile>
    <ClCompile Include="b2BlockAllocator.cpp">
      <Filter>Source Files\Box2D</Filter>
    </ClCompile>
    <ClCompile Include="b2Body.cpp">
      <Filter>Source Files\Box2D</Filter>
    </ClCompile>
    <ClCompile Include="b2BroadPhase.cpp">
      <Filter>Source Files\Box2D</Filter>
    </ClCompile>
    <ClCompile Include="b2ChainAndCircleContact.cpp">
      <Filter>Source Files\Box2D</Filter>
    </ClCompile>
    <ClCompile Include="b2ChainAndPolygonContact.cpp">
      <Filter>Source Files\Box2D</Filter>
    </ClCompile>
    <ClCompile Include="b2ChainShape.cpp">
      <Filter>Source Files\Box2D</Filter>
    </ClCompile>
    <ClCompile Include="b2CircleContact.cpp">
      <Filter>Source Files\Box2D</Filter>
    </ClCompile>
    <ClCompile Include="b2CircleShape.cpp">
      <Filter>Source Files\Box2D</Filter>
    </ClCompile>
    <ClCompile Include="b2CollideCircle.cpp">
      <Filter>Source Files\Box2D</Filter>
    </ClCompile>
    <ClCompile Include="b2CollideEdge.cpp">
      <Filter>Source Files\Box2D</Filter>
    </ClCompile>
    <ClCompile Include="b2CollidePolygon.cpp">
      <Filter>Source Files\Box2D</Filter>
    </ClCompile>
    <ClCompile Include="b2Collision.cpp">
      <Filter>Source Files\Box2D</Filter>
    </ClCompile>
    <ClCompile Include="b2Contact.cpp">
      <Filter>Source Files\Box2D</Filter>
    </ClCompile>
    <ClCompile Include="b2ContactManager.cpp">
      <Filter>Source Files\Box2D</Filter>
    </ClCompile>
    <ClCompile Include="b2ContactSolver.cpp">
      <Filter>Source Files\Box2D</Filter>
    </ClCompile>
    <ClCompile Include="b2Distance.cpp">
      <Filter>Source Files\Box2D</Filter>
    </ClCompile>
    <ClCompile Include="b2DistanceJoint.cpp">
      <Filter>Source Files\Box2D</Filter>
    </ClCompile>
    <ClCompile Include="b2Draw.cpp">
      <Filter>Source Files\Box2D</Filter>
    </ClCompile>
    <ClCompile Include="b2DynamicTree.cpp">
      <Filter>Source Files\Box2D</Filter>
    </ClCompile>
    <ClCompile Include="b2EdgeAndCircleContact.cpp">
      <Filter>Source Files\Box2D</Filter>
    </ClCompile>
    <ClCompile Include="b2EdgeAndPolygonContact.cpp">
      <Filter>Source Files\Box2D</Filter>
    </ClCompile>
    <ClCompile Include="b2EdgeShape.cpp">
      <Filter>Source Files\Box2D</Filter>
    </ClCompile>
    <ClCompile Include="b2Fixture.cpp">
      <Filter>Source Files\Box2D</Filter>
    </ClCompile>
    <ClCompile Include="b2FrictionJoint.cpp">
      <Filter>Source Files\Box2D</Filter>
    </ClCompile>
    <ClCompile Include="b2GearJoint.cpp">
      <Filter>Source Files\Box2D</Filter>
    </ClCompile>
    <ClCompile Include="b2Island.cpp">
      <Filter>Source Files\Box2D</Filter>
    </ClCompile>
    <ClCompile Include="b2Joint.cpp">
      <Filter>Source Files\Box2D</Filter>
    </ClCompile>
    <ClCompile Include="b2Math.cpp">
      <Filter>Source Files\Box2D</Filter>
    </ClCompile>
    <ClCompile Include="b2MotorJoint.cpp">
      <Filter>Source Files\Box2D</Filter>
    </ClCompile>
    <ClCompile Include="b2MouseJoint.cpp">
      <Filter>Source Files\Box2D</Filter>
    </ClCompile>
    <ClCompile Include="b2PolygonAndCircleContact.cpp">
      <Filter>Source Files\Box2D</Filter>
    </ClCompile>
    <ClCompile Include="b2PolygonContact.cpp">
      <Filter>Source Files\Box2D</Filter>
    </ClCompile>
    <ClCompile Include="b2PolygonShape.cpp">
      <Filter>Source Files\Box2D</Filter>
    </ClCompile>
    <ClCompile Include="b2PrismaticJoint.cpp">
      <Filter>Source Files\Box2D</Filter>
    </ClCompile>
    <ClCompile Include="b2PulleyJoint.cpp">
      <Filter>Source Files\Box2D</Filter>
    </ClCompile>
    <ClCompile Include="b2RevoluteJoint.cpp">
      <Filter>Source Files\Box2D</Filter>
    </ClCompile>
    <ClCompile Include="b2Rope.cpp">
      <Filter>Source Files\Box2D</Filter>
    </ClCompile>
    <ClCompile Include="b2RopeJoint.cpp">
      <Filter>Source Files\Box2D</Filter>
    </ClCompile>
    <ClCompile Include="b2Settings.cpp">
      <Filter>Source Files\Box2D</Filter>
    </ClCompile>
    <ClCompile Include="b2StackAllocator.cpp">
      <Filter>Source Files\Box2D</Filter>
    </ClCompile>
    <ClCompile Include="b2TimeOfImpact.cpp">
      <Filter>Source Files\Box2D</Filter>
    </ClCompile>
    <ClCompile Include="b2Timer.cpp">
      <Filter>Source Files\Box2D</Filter>
    </ClCompile>
    <ClCompile Include="b2WeldJoint.cpp">
      <Filter>Source Files\Box2D</Filter>
    </ClCompile>
    <ClCompile Include="b2WheelJoint.cpp">
      <Filter>Source Files\Box2D</Filter>
    </ClCompile>
    <ClCompile Include="b2World.cpp">
      <Filter>Source Files\Box2D</Filter>
    </ClCompile>
    <ClCompile Include="b2WorldCallbacks.cpp">
      <Filter>Source Files\Box2D</Filter>
    </ClCompile>
  </ItemGroup>
</Project>